
Microsoft Visual Studio Solution File, Format Version 11.00
# Visual Studio 2010
Project("{8BC9CEB8-8B4A-11D0-8D11-00A0C91BC942}") = "scg3_vc10", "scg3\scg3_vc10.vcxproj", "{87E32052-F0AA-47A1-86CA-E96DB9C96D0C}"
EndProject
Project("{8BC9CEB8-8B4A-11D0-8D11-00A0C91BC942}") = "scg3_example_vc10", "scg3_example\scg3_example_vc10.vcxproj", "{2ECFE9C5-4103-417C-8C4F-6F01B5E56685}"
	ProjectSection(ProjectDependencies) = postProject
		{87E32052-F0AA-47A1-86CA-E96DB9C96D0C} = {87E32052-F0AA-47A1-86CA-E96DB9C96D0C}
	EndProjectSection
EndProject
Global
	GlobalSection(SolutionConfigurationPlatforms) = preSolution
		Debug|Win32 = Debug|Win32
		Release|Win32 = Release|Win32
	EndGlobalSection
	GlobalSection(ProjectConfigurationPlatforms) = postSolution
		{87E32052-F0AA-47A1-86CA-E96DB9C96D0C}.Debug|Win32.ActiveCfg = Debug|Win32
		{87E32052-F0AA-47A1-86CA-E96DB9C96D0C}.Debug|Win32.Build.0 = Debug|Win32
		{87E32052-F0AA-47A1-86CA-E96DB9C96D0C}.Release|Win32.ActiveCfg = Release|Win32
		{87E32052-F0AA-47A1-86CA-E96DB9C96D0C}.Release|Win32.Build.0 = Release|Win32
		{2ECFE9C5-4103-417C-8C4F-6F01B5E56685}.Debug|Win32.ActiveCfg = Debug|Win32
		{2ECFE9C5-4103-417C-8C4F-6F01B5E56685}.Debug|Win32.Build.0 = Debug|Win32
		{2ECFE9C5-4103-417C-8C4F-6F01B5E56685}.Release|Win32.ActiveCfg = Release|Win32
		{2ECFE9C5-4103-417C-8C4F-6F01B5E56685}.Release|Win32.Build.0 = Release|Win32
	EndGlobalSection
	GlobalSection(SolutionProperties) = preSolution
		HideSolutionNode = FALSE
	EndGlobalSection
EndGlobal
