<?xml version="1.0" encoding="utf-8"?>
<Project ToolsVersion="4.0" xmlns="http://schemas.microsoft.com/developer/msbuild/2003">
  <ItemGroup>
    <Filter Include="Quelldateien">
      <UniqueIdentifier>{4FC737F1-C7A5-4376-A066-2A32D752A2FF}</UniqueIdentifier>
      <Extensions>cpp;c;cc;cxx;def;odl;idl;hpj;bat;asm;asmx</Extensions>
    </Filter>
    <Filter Include="Headerdateien">
      <UniqueIdentifier>{93995380-89BD-4b04-88EB-625FBE52EBFB}</UniqueIdentifier>
      <Extensions>h;hpp;hxx;hm;inl;inc;xsd</Extensions>
    </Filter>
    <Filter Include="Ressourcendateien">
      <UniqueIdentifier>{67DA6AB6-F800-4c08-8B7A-83BB121AAD01}</UniqueIdentifier>
      <Extensions>rc;ico;cur;bmp;dlg;rc2;rct;bin;rgs;gif;jpg;jpeg;jpe;resx;tiff;tif;png;wav;mfcribbon-ms</Extensions>
    </Filter>
  </ItemGroup>
  <ItemGroup>
    <ClCompile Include="src\Animation.cpp">
      <Filter>Quelldateien</Filter>
    </ClCompile>
    <ClCompile Include="src\BumpMapCore.cpp">
      <Filter>Quelldateien</Filter>
    </ClCompile>
    <ClCompile Include="src\Camera.cpp">
      <Filter>Quelldateien</Filter>
    </ClCompile>
    <ClCompile Include="src\CameraController.cpp">
      <Filter>Quelldateien</Filter>
    </ClCompile>
    <ClCompile Include="src\ColorCore.cpp">
      <Filter>Quelldateien</Filter>
    </ClCompile>
    <ClCompile Include="src\Composite.cpp">
      <Filter>Quelldateien</Filter>
    </ClCompile>
    <ClCompile Include="src\Controller.cpp">
      <Filter>Quelldateien</Filter>
    </ClCompile>
    <ClCompile Include="src\Core.cpp">
      <Filter>Quelldateien</Filter>
    </ClCompile>
    <ClCompile Include="src\CubeMapCore.cpp">
      <Filter>Quelldateien</Filter>
    </ClCompile>
    <ClCompile Include="src\GeometryCore.cpp">
      <Filter>Quelldateien</Filter>
    </ClCompile>
    <ClCompile Include="src\GeometryCoreFactory.cpp">
      <Filter>Quelldateien</Filter>
    </ClCompile>
    <ClCompile Include="src\Group.cpp">
      <Filter>Quelldateien</Filter>
    </ClCompile>
    <ClCompile Include="src\InfoTraverser.cpp">
      <Filter>Quelldateien</Filter>
    </ClCompile>
    <ClCompile Include="src\KeyboardController.cpp">
      <Filter>Quelldateien</Filter>
    </ClCompile>
    <ClCompile Include="src\Leaf.cpp">
      <Filter>Quelldateien</Filter>
    </ClCompile>
    <ClCompile Include="src\Light.cpp">
      <Filter>Quelldateien</Filter>
    </ClCompile>
    <ClCompile Include="src\LightPosition.cpp">
      <Filter>Quelldateien</Filter>
    </ClCompile>
    <ClCompile Include="src\MaterialCore.cpp">
      <Filter>Quelldateien</Filter>
    </ClCompile>
    <ClCompile Include="src\MouseController.cpp">
      <Filter>Quelldateien</Filter>
    </ClCompile>
    <ClCompile Include="src\Node.cpp">
      <Filter>Quelldateien</Filter>
    </ClCompile>
    <ClCompile Include="src\OrthographicCamera.cpp">
      <Filter>Quelldateien</Filter>
    </ClCompile>
    <ClCompile Include="src\PerspectiveCamera.cpp">
      <Filter>Quelldateien</Filter>
    </ClCompile>
    <ClCompile Include="src\PreTraverser.cpp">
      <Filter>Quelldateien</Filter>
    </ClCompile>
    <ClCompile Include="src\Renderer.cpp">
      <Filter>Quelldateien</Filter>
    </ClCompile>
    <ClCompile Include="src\RenderState.cpp">
      <Filter>Quelldateien</Filter>
    </ClCompile>
    <ClCompile Include="src\RenderTraverser.cpp">
      <Filter>Quelldateien</Filter>
    </ClCompile>
    <ClCompile Include="src\scg_internals.cpp">
      <Filter>Quelldateien</Filter>
    </ClCompile>
    <ClCompile Include="src\scg_utilities.cpp">
      <Filter>Quelldateien</Filter>
    </ClCompile>
    <ClCompile Include="src\ShaderCore.cpp">
      <Filter>Quelldateien</Filter>
    </ClCompile>
    <ClCompile Include="src\ShaderCoreFactory.cpp">
      <Filter>Quelldateien</Filter>
    </ClCompile>
    <ClCompile Include="src\Shape.cpp">
      <Filter>Quelldateien</Filter>
    </ClCompile>
    <ClCompile Include="src\StandardRenderer.cpp">
      <Filter>Quelldateien</Filter>
    </ClCompile>
    <ClCompile Include="src\Texture2DCore.cpp">
      <Filter>Quelldateien</Filter>
    </ClCompile>
    <ClCompile Include="src\TextureCore.cpp">
      <Filter>Quelldateien</Filter>
    </ClCompile>
    <ClCompile Include="src\TextureCoreFactory.cpp">
      <Filter>Quelldateien</Filter>
    </ClCompile>
    <ClCompile Include="src\TransformAnimation.cpp">
      <Filter>Quelldateien</Filter>
    </ClCompile>
    <ClCompile Include="src\Transformation.cpp">
      <Filter>Quelldateien</Filter>
    </ClCompile>
    <ClCompile Include="src\Traverser.cpp">
      <Filter>Quelldateien</Filter>
    </ClCompile>
    <ClCompile Include="src\Viewer.cpp">
      <Filter>Quelldateien</Filter>
    </ClCompile>
    <ClCompile Include="src\ViewState.cpp">
      <Filter>Quelldateien</Filter>
    </ClCompile>
    <ClCompile Include="src_ext\StereoCamera.cpp">
      <Filter>Quelldateien</Filter>
    </ClCompile>
    <ClCompile Include="src_ext\StereoRenderer.cpp">
      <Filter>Quelldateien</Filter>
    </ClCompile>
    <ClCompile Include="src_ext\StereoRendererActive.cpp">
      <Filter>Quelldateien</Filter>
    </ClCompile>
    <ClCompile Include="src_ext\StereoRendererAnaglyph.cpp">
      <Filter>Quelldateien</Filter>
    </ClCompile>
    <ClCompile Include="src_ext\StereoRendererPassive.cpp">
      <Filter>Quelldateien</Filter>
    </ClCompile>
    <ClCompile Include="extern\stb_image\stb_image.c">
      <Filter>Quelldateien</Filter>
    </ClCompile>
    <ClCompile Include="extern\glew\src\glew.c">
      <Filter>Quelldateien</Filter>
    </ClCompile>
  </ItemGroup>
  <ItemGroup>
    <ClInclude Include="src\viewstate.h">
      <Filter>Headerdateien</Filter>
    </ClInclude>
    <ClInclude Include="src\Animation.h">
      <Filter>Headerdateien</Filter>
    </ClInclude>
    <ClInclude Include="src\bumpmapcore.h">
      <Filter>Headerdateien</Filter>
    </ClInclude>
    <ClInclude Include="src\Camera.h">
      <Filter>Headerdateien</Filter>
    </ClInclude>
    <ClInclude Include="src\cameracontroller.h">
      <Filter>Headerdateien</Filter>
    </ClInclude>
    <ClInclude Include="src\colorcore.h">
      <Filter>Headerdateien</Filter>
    </ClInclude>
    <ClInclude Include="src\composite.h">
      <Filter>Headerdateien</Filter>
    </ClInclude>
    <ClInclude Include="src\Controller.h">
      <Filter>Headerdateien</Filter>
    </ClInclude>
    <ClInclude Include="src\Core.h">
      <Filter>Headerdateien</Filter>
    </ClInclude>
    <ClInclude Include="src\cubemapcore.h">
      <Filter>Headerdateien</Filter>
    </ClInclude>
    <ClInclude Include="src\GeometryCore.h">
      <Filter>Headerdateien</Filter>
    </ClInclude>
    <ClInclude Include="src\GeometryCoreFactory.h">
      <Filter>Headerdateien</Filter>
    </ClInclude>
    <ClInclude Include="src\Group.h">
      <Filter>Headerdateien</Filter>
    </ClInclude>
    <ClInclude Include="src\infotraverser.h">
      <Filter>Headerdateien</Filter>
    </ClInclude>
    <ClInclude Include="src\KeyboardController.h">
      <Filter>Headerdateien</Filter>
    </ClInclude>
    <ClInclude Include="src\leaf.h">
      <Filter>Headerdateien</Filter>
    </ClInclude>
    <ClInclude Include="src\light.h">
      <Filter>Headerdateien</Filter>
    </ClInclude>
    <ClInclude Include="src\lightposition.h">
      <Filter>Headerdateien</Filter>
    </ClInclude>
    <ClInclude Include="src\materialcore.h">
      <Filter>Headerdateien</Filter>
    </ClInclude>
    <ClInclude Include="src\MouseController.h">
      <Filter>Headerdateien</Filter>
    </ClInclude>
    <ClInclude Include="src\Node.h">
      <Filter>Headerdateien</Filter>
    </ClInclude>
    <ClInclude Include="src\orthographiccamera.h">
      <Filter>Headerdateien</Filter>
    </ClInclude>
    <ClInclude Include="src\perspectivecamera.h">
      <Filter>Headerdateien</Filter>
    </ClInclude>
    <ClInclude Include="src\pretraverser.h">
      <Filter>Headerdateien</Filter>
    </ClInclude>
    <ClInclude Include="src\Renderer.h">
      <Filter>Headerdateien</Filter>
    </ClInclude>
    <ClInclude Include="src\renderstate.h">
      <Filter>Headerdateien</Filter>
    </ClInclude>
    <ClInclude Include="src\RenderTraverser.h">
      <Filter>Headerdateien</Filter>
    </ClInclude>
    <ClInclude Include="src\scg_doxygen_stub.h">
      <Filter>Headerdateien</Filter>
    </ClInclude>
    <ClInclude Include="src\scg_glm.h">
      <Filter>Headerdateien</Filter>
    </ClInclude>
    <ClInclude Include="src\scg_internals.h">
      <Filter>Headerdateien</Filter>
    </ClInclude>
    <ClInclude Include="src\scg_stb_image.h">
      <Filter>Headerdateien</Filter>
    </ClInclude>
    <ClInclude Include="src\scg_utilities.h">
      <Filter>Headerdateien</Filter>
    </ClInclude>
    <ClInclude Include="src\shadercore.h">
      <Filter>Headerdateien</Filter>
    </ClInclude>
    <ClInclude Include="src\shadercorefactory.h">
      <Filter>Headerdateien</Filter>
    </ClInclude>
    <ClInclude Include="src\shape.h">
      <Filter>Headerdateien</Filter>
    </ClInclude>
    <ClInclude Include="src\StandardRenderer.h">
      <Filter>Headerdateien</Filter>
    </ClInclude>
    <ClInclude Include="src\texture2dcore.h">
      <Filter>Headerdateien</Filter>
    </ClInclude>
    <ClInclude Include="src\texturecore.h">
      <Filter>Headerdateien</Filter>
    </ClInclude>
    <ClInclude Include="src\texturecorefactory.h">
      <Filter>Headerdateien</Filter>
    </ClInclude>
    <ClInclude Include="src\TransformAnimation.h">
      <Filter>Headerdateien</Filter>
    </ClInclude>
    <ClInclude Include="src\Transformation.h">
      <Filter>Headerdateien</Filter>
    </ClInclude>
    <ClInclude Include="src\Traverser.h">
      <Filter>Headerdateien</Filter>
    </ClInclude>
    <ClInclude Include="src\Viewer.h">
      <Filter>Headerdateien</Filter>
    </ClInclude>
    <ClInclude Include="src_ext\scg_ext_internals.h">
      <Filter>Headerdateien</Filter>
    </ClInclude>
    <ClInclude Include="src_ext\StereoRendererPassive.h">
      <Filter>Headerdateien</Filter>
    </ClInclude>
    <ClInclude Include="src_ext\StereoCamera.h">
      <Filter>Headerdateien</Filter>
    </ClInclude>
    <ClInclude Include="src_ext\StereoRenderer.h">
      <Filter>Headerdateien</Filter>
    </ClInclude>
    <ClInclude Include="src_ext\StereoRendererActive.h">
      <Filter>Headerdateien</Filter>
    </ClInclude>
    <ClInclude Include="src_ext\StereoRendererAnaglyph.h">
      <Filter>Headerdateien</Filter>
    </ClInclude>
    <ClInclude Include="src\scg_glew.h">
      <Filter>Headerdateien</Filter>
    </ClInclude>
    <ClInclude Include="scg3.h">
      <Filter>Headerdateien</Filter>
    </ClInclude>
    <ClInclude Include="scg3_ext.h">
      <Filter>Headerdateien</Filter>
    </ClInclude>
  </ItemGroup>
</Project>